
Microsoft Visual Studio Solution File, Format Version 12.00
# Visual Studio Version 16
VisualStudioVersion = 16.0.30503.244
MinimumVisualStudioVersion = 10.0.40219.1
Project("{FAE04EC0-301F-11D3-BF4B-00C04F79EFBC}") = "MoodANALYSER", "MoodANALYSER\MoodANALYSER.csproj", "{F29C6461-45F8-4F91-8188-35456A8F6189}"
EndProject
Project("{FAE04EC0-301F-11D3-BF4B-00C04F79EFBC}") = "UnitTestProject1", "UnitTestProject1\UnitTestProject1.csproj", "{5E903F91-92DD-4FDC-A265-46994DFE0BD8}"
EndProject
Global
	GlobalSection(SolutionConfigurationPlatforms) = preSolution
		Debug|Any CPU = Debug|Any CPU
		Release|Any CPU = Release|Any CPU
	EndGlobalSection
	GlobalSection(ProjectConfigurationPlatforms) = postSolution
		{F29C6461-45F8-4F91-8188-35456A8F6189}.Debug|Any CPU.ActiveCfg = Debug|Any CPU
		{F29C6461-45F8-4F91-8188-35456A8F6189}.Debug|Any CPU.Build.0 = Debug|Any CPU
		{F29C6461-45F8-4F91-8188-35456A8F6189}.Release|Any CPU.ActiveCfg = Release|Any CPU
		{F29C6461-45F8-4F91-8188-35456A8F6189}.Release|Any CPU.Build.0 = Release|Any CPU
		{5E903F91-92DD-4FDC-A265-46994DFE0BD8}.Debug|Any CPU.ActiveCfg = Debug|Any CPU
		{5E903F91-92DD-4FDC-A265-46994DFE0BD8}.Debug|Any CPU.Build.0 = Debug|Any CPU
		{5E903F91-92DD-4FDC-A265-46994DFE0BD8}.Release|Any CPU.ActiveCfg = Release|Any CPU
		{5E903F91-92DD-4FDC-A265-46994DFE0BD8}.Release|Any CPU.Build.0 = Release|Any CPU
	EndGlobalSection
	GlobalSection(SolutionProperties) = preSolution
		HideSolutionNode = FALSE
	EndGlobalSection
	GlobalSection(ExtensibilityGlobals) = postSolution
		SolutionGuid = {5BC00091-8835-459E-95C8-2D1719736E67}
	EndGlobalSection
EndGlobal
